{
  "name": "react-training",
  "version": "1.0.0",
  "lockfileVersion": 2,
  "requires": true,
  "packages": {
    "": {
      "name": "react-training",
      "version": "1.0.0",
      "license": "ISC",
      "dependencies": {
        "prettier": "^2.7.1"
      }
    },
    "node_modules/prettier": {
      "version": "2.7.1",
      "resolved": "https://lht.app.lufthansa.com/artifactory/api/npm/npm-repos/prettier/-/prettier-2.7.1.tgz",
      "integrity": "sha1-4jWAaFDQV/l7sINopPfYmfd2DGQ=",
      "license": "MIT",
      "bin": {
        "prettier": "bin-prettier.js"
      },
      "engines": {
        "node": ">=10.13.0"
      },
      "funding": {
        "url": "https://github.com/prettier/prettier?sponsor=1"
      }
    }
  },
  "dependencies": {
    "prettier": {
      "version": "2.7.1",
      "resolved": "https://lht.app.lufthansa.com/artifactory/api/npm/npm-repos/prettier/-/prettier-2.7.1.tgz",
      "integrity": "sha1-4jWAaFDQV/l7sINopPfYmfd2DGQ="
    }
  }
}
